
Microsoft Visual Studio Solution File, Format Version 12.00
# Visual Studio Version 17
VisualStudioVersion = 17.0.31903.59
MinimumVisualStudioVersion = 10.0.40219.1
Project("{2150E333-8FDC-42A3-9474-1A3956D46DE8}") = "src", "src", "{4FCD51B9-985D-4E55-8FB1-AB1035042DFD}"
EndProject
Project("{FAE04EC0-301F-11D3-BF4B-00C04F79EFBC}") = "Mex.Journal", "src\Mex.Journal\Mex.Journal.csproj", "{CD7F4BDA-134E-4593-8AE2-A29D7AB45F6A}"
EndProject
Project("{FAE04EC0-301F-11D3-BF4B-00C04F79EFBC}") = "Mex.Journal.Cli", "src\Mex.Journal.Cli\Mex.Journal.Cli.csproj", "{0B3D933B-E9B1-4548-9A6A-D958FB058CCD}"
EndProject
Project("{FAE04EC0-301F-11D3-BF4B-00C04F79EFBC}") = "Mex.Journal.Receiver", "src\Mex.Journal.Receiver\Mex.Journal.Receiver.csproj", "{7C9E8A1F-4B2D-4E5A-9F1C-3D8B5E7A2F4C}"
EndProject
Global
	GlobalSection(SolutionConfigurationPlatforms) = preSolution
		Debug|Any CPU = Debug|Any CPU
		Release|Any CPU = Release|Any CPU
	EndGlobalSection
	GlobalSection(SolutionProperties) = preSolution
		HideSolutionNode = FALSE
	EndGlobalSection
	GlobalSection(ProjectConfigurationPlatforms) = postSolution
		{CD7F4BDA-134E-4593-8AE2-A29D7AB45F6A}.Debug|Any CPU.ActiveCfg = Debug|Any CPU
		{CD7F4BDA-134E-4593-8AE2-A29D7AB45F6A}.Debug|Any CPU.Build.0 = Debug|Any CPU
		{CD7F4BDA-134E-4593-8AE2-A29D7AB45F6A}.Release|Any CPU.ActiveCfg = Release|Any CPU
		{CD7F4BDA-134E-4593-8AE2-A29D7AB45F6A}.Release|Any CPU.Build.0 = Release|Any CPU
		{0B3D933B-E9B1-4548-9A6A-D958FB058CCD}.Debug|Any CPU.ActiveCfg = Debug|Any CPU
		{0B3D933B-E9B1-4548-9A6A-D958FB058CCD}.Debug|Any CPU.Build.0 = Debug|Any CPU
		{0B3D933B-E9B1-4548-9A6A-D958FB058CCD}.Release|Any CPU.ActiveCfg = Release|Any CPU
		{0B3D933B-E9B1-4548-9A6A-D958FB058CCD}.Release|Any CPU.Build.0 = Release|Any CPU
		{7C9E8A1F-4B2D-4E5A-9F1C-3D8B5E7A2F4C}.Debug|Any CPU.ActiveCfg = Debug|Any CPU
		{7C9E8A1F-4B2D-4E5A-9F1C-3D8B5E7A2F4C}.Debug|Any CPU.Build.0 = Debug|Any CPU
		{7C9E8A1F-4B2D-4E5A-9F1C-3D8B5E7A2F4C}.Release|Any CPU.ActiveCfg = Release|Any CPU
		{7C9E8A1F-4B2D-4E5A-9F1C-3D8B5E7A2F4C}.Release|Any CPU.Build.0 = Release|Any CPU
	EndGlobalSection
	GlobalSection(NestedProjects) = preSolution
		{CD7F4BDA-134E-4593-8AE2-A29D7AB45F6A} = {4FCD51B9-985D-4E55-8FB1-AB1035042DFD}
		{0B3D933B-E9B1-4548-9A6A-D958FB058CCD} = {4FCD51B9-985D-4E55-8FB1-AB1035042DFD}
		{7C9E8A1F-4B2D-4E5A-9F1C-3D8B5E7A2F4C} = {4FCD51B9-985D-4E55-8FB1-AB1035042DFD}
	EndGlobalSection
EndGlobal
